// !$*UTF8*$!
{
	archiveVersion = 1;
	classes = {
	};
	objectVersion = 46;
	objects = {

/* Begin PBXBuildFile section */
		BF158A671576273400CDBE21 /* UIKit.framework in Frameworks */ = {isa = PBXBuildFile; fileRef = BF158A661576273400CDBE21 /* UIKit.framework */; };
		BF158A691576273400CDBE21 /* Foundation.framework in Frameworks */ = {isa = PBXBuildFile; fileRef = BF158A681576273400CDBE21 /* Foundation.framework */; };
		BF158A6B1576273400CDBE21 /* CoreGraphics.framework in Frameworks */ = {isa = PBXBuildFile; fileRef = BF158A6A1576273400CDBE21 /* CoreGraphics.framework */; };
		BF158A711576273400CDBE21 /* InfoPlist.strings in Resources */ = {isa = PBXBuildFile; fileRef = BF158A6F1576273400CDBE21 /* InfoPlist.strings */; };
		BF158A731576273400CDBE21 /* main.m in Sources */ = {isa = PBXBuildFile; fileRef = BF158A721576273400CDBE21 /* main.m */; };
		BF158A771576273400CDBE21 /* MMNAppDelegate.m in Sources */ = {isa = PBXBuildFile; fileRef = BF158A761576273400CDBE21 /* MMNAppDelegate.m */; };
		BF158A8215763E7700CDBE21 /* NotesListViewController.m in Sources */ = {isa = PBXBuildFile; fileRef = BF158A8115763E7700CDBE21 /* NotesListViewController.m */; };
		BF158A8515764D4400CDBE21 /* MMNotes.xcdatamodeld in Sources */ = {isa = PBXBuildFile; fileRef = BF158A8315764D4400CDBE21 /* MMNotes.xcdatamodeld */; };
		BF158A8815764FFE00CDBE21 /* MMNDataStore.m in Sources */ = {isa = PBXBuildFile; fileRef = BF158A8715764FFE00CDBE21 /* MMNDataStore.m */; };
		BF158A8D15765FEF00CDBE21 /* CoreData.framework in Frameworks */ = {isa = PBXBuildFile; fileRef = BF158A8C15765FEF00CDBE21 /* CoreData.framework */; };
		BF158AA215766B6200CDBE21 /* MMNTag.m in Sources */ = {isa = PBXBuildFile; fileRef = BF158AA115766B6200CDBE21 /* MMNTag.m */; };
		BF158AA515766B6300CDBE21 /* MMNAttachment.m in Sources */ = {isa = PBXBuildFile; fileRef = BF158AA415766B6300CDBE21 /* MMNAttachment.m */; };
		BF158AA815766B6300CDBE21 /* MMNNote.m in Sources */ = {isa = PBXBuildFile; fileRef = BF158AA715766B6300CDBE21 /* MMNNote.m */; };
		BF158AAF15768CD200CDBE21 /* NoteDetailViewController.m in Sources */ = {isa = PBXBuildFile; fileRef = BF158AAD15768CD200CDBE21 /* NoteDetailViewController.m */; };
		BF158AB015768CD200CDBE21 /* NoteDetailViewController.xib in Resources */ = {isa = PBXBuildFile; fileRef = BF158AAE15768CD200CDBE21 /* NoteDetailViewController.xib */; };
		BF158AB315777EB100CDBE21 /* TagsListViewController.m in Sources */ = {isa = PBXBuildFile; fileRef = BF158AB215777EB100CDBE21 /* TagsListViewController.m */; };
		BF36217E157FC6740037F66C /* ImageViewController.m in Sources */ = {isa = PBXBuildFile; fileRef = BF36217C157FC6730037F66C /* ImageViewController.m */; };
		BF36217F157FC6740037F66C /* ImageViewController.xib in Resources */ = {isa = PBXBuildFile; fileRef = BF36217D157FC6740037F66C /* ImageViewController.xib */; };
		BF362183157FD51A0037F66C /* ImageGalleryViewController.m in Sources */ = {isa = PBXBuildFile; fileRef = BF362181157FD51A0037F66C /* ImageGalleryViewController.m */; };
		BF362184157FD51A0037F66C /* ImageGalleryViewController.xib in Resources */ = {isa = PBXBuildFile; fileRef = BF362182157FD51A0037F66C /* ImageGalleryViewController.xib */; };
		BF7514EE159B45100051F4AF /* CFNetwork.framework in Frameworks */ = {isa = PBXBuildFile; fileRef = BF7514ED159B45100051F4AF /* CFNetwork.framework */; };
		BF7514F4159B463E0051F4AF /* libsqlite3.0.dylib in Frameworks */ = {isa = PBXBuildFile; fileRef = BF7514F3159B463D0051F4AF /* libsqlite3.0.dylib */; };
		BF7514F5159B46570051F4AF /* libGoogleAnalytics.a in Frameworks */ = {isa = PBXBuildFile; fileRef = BF7514EA159B44D30051F4AF /* libGoogleAnalytics.a */; };
		BF7514F8159B4FC90051F4AF /* GAUtils.m in Sources */ = {isa = PBXBuildFile; fileRef = BF7514F7159B4FC80051F4AF /* GAUtils.m */; };
		BF9A49F51578EB7900EC2169 /* TagEditStyleCell.m in Sources */ = {isa = PBXBuildFile; fileRef = BF9A49F41578EB7900EC2169 /* TagEditStyleCell.m */; };
		BFB1C617158F8A3C008C1377 /* SettingsViewController.m in Sources */ = {isa = PBXBuildFile; fileRef = BFB1C615158F8A3C008C1377 /* SettingsViewController.m */; };
		BFB1C618158F8A3C008C1377 /* SettingsViewController.xib in Resources */ = {isa = PBXBuildFile; fileRef = BFB1C616158F8A3C008C1377 /* SettingsViewController.xib */; };
		BFB1C61C158F90DE008C1377 /* info_tabbar.png in Resources */ = {isa = PBXBuildFile; fileRef = BFB1C61A158F90DE008C1377 /* info_tabbar.png */; };
		BFB1C61D158F90DE008C1377 /* info_tabbar@2x.png in Resources */ = {isa = PBXBuildFile; fileRef = BFB1C61B158F90DE008C1377 /* info_tabbar@2x.png */; };
		BFB52C9E15823B960072AF88 /* NoteListCell.m in Sources */ = {isa = PBXBuildFile; fileRef = BFB52C9D15823B960072AF88 /* NoteListCell.m */; };
		BFB52CA115823BAD0072AF88 /* NoteListCell.xib in Resources */ = {isa = PBXBuildFile; fileRef = BFB52CA015823BAD0072AF88 /* NoteListCell.xib */; };
		BFB52CA4158244220072AF88 /* photo_toolbar.png in Resources */ = {isa = PBXBuildFile; fileRef = BFB52CA2158244220072AF88 /* photo_toolbar.png */; };
		BFB52CA5158244220072AF88 /* photo_toolbar@2x.png in Resources */ = {isa = PBXBuildFile; fileRef = BFB52CA3158244220072AF88 /* photo_toolbar@2x.png */; };
		BFE49649157BB7F00039B213 /* QuartzCore.framework in Frameworks */ = {isa = PBXBuildFile; fileRef = BFE49648157BB7EF0039B213 /* QuartzCore.framework */; };
		BFE4964D157D40DB0039B213 /* star_toolbar.png in Resources */ = {isa = PBXBuildFile; fileRef = BFE4964B157D40DB0039B213 /* star_toolbar.png */; };
		BFE4964E157D40DB0039B213 /* star_toolbar@2x.png in Resources */ = {isa = PBXBuildFile; fileRef = BFE4964C157D40DB0039B213 /* star_toolbar@2x.png */; };
		BFE49651157D42600039B213 /* star_tabbar.png in Resources */ = {isa = PBXBuildFile; fileRef = BFE4964F157D42600039B213 /* star_tabbar.png */; };
		BFE49652157D42600039B213 /* star_tabbar@2x.png in Resources */ = {isa = PBXBuildFile; fileRef = BFE49650157D42600039B213 /* star_tabbar@2x.png */; };
		BFE49657157D43EF0039B213 /* tag_tabbar.png in Resources */ = {isa = PBXBuildFile; fileRef = BFE49653157D43EF0039B213 /* tag_tabbar.png */; };
		BFE49658157D43EF0039B213 /* tag_tabbar@2x.png in Resources */ = {isa = PBXBuildFile; fileRef = BFE49654157D43EF0039B213 /* tag_tabbar@2x.png */; };
		BFE49659157D43EF0039B213 /* tag_toolbar.png in Resources */ = {isa = PBXBuildFile; fileRef = BFE49655157D43EF0039B213 /* tag_toolbar.png */; };
		BFE4965A157D43EF0039B213 /* tag_toolbar@2x.png in Resources */ = {isa = PBXBuildFile; fileRef = BFE49656157D43EF0039B213 /* tag_toolbar@2x.png */; };
		BFE4965F157D47730039B213 /* note_tabbar.png in Resources */ = {isa = PBXBuildFile; fileRef = BFE4965B157D47730039B213 /* note_tabbar.png */; };
		BFE49660157D47730039B213 /* note_tabbar@2x.png in Resources */ = {isa = PBXBuildFile; fileRef = BFE4965C157D47730039B213 /* note_tabbar@2x.png */; };
		BFE49661157D47730039B213 /* note_toolbar.png in Resources */ = {isa = PBXBuildFile; fileRef = BFE4965D157D47730039B213 /* note_toolbar.png */; };
		BFE49662157D47730039B213 /* note_toolbar@2x.png in Resources */ = {isa = PBXBuildFile; fileRef = BFE4965E157D47730039B213 /* note_toolbar@2x.png */; };
		BFE49665157F680C0039B213 /* mic_toolbar.png in Resources */ = {isa = PBXBuildFile; fileRef = BFE49663157F680C0039B213 /* mic_toolbar.png */; };
		BFE49666157F680C0039B213 /* mic_toolbar@2x.png in Resources */ = {isa = PBXBuildFile; fileRef = BFE49664157F680C0039B213 /* mic_toolbar@2x.png */; };
		BFEA2212158F12D300E11DF6 /* StoreKit.framework in Frameworks */ = {isa = PBXBuildFile; fileRef = BFEA2211158F12D300E11DF6 /* StoreKit.framework */; };
		BFEA2229158F389900E11DF6 /* iAd.framework in Frameworks */ = {isa = PBXBuildFile; fileRef = BFEA2228158F389900E11DF6 /* iAd.framework */; };
		BFFBDF031594A77B00B169C4 /* mmnotes_icon_iphone.png in Resources */ = {isa = PBXBuildFile; fileRef = BFFBDF021594A77B00B169C4 /* mmnotes_icon_iphone.png */; };
		BFFBDF051594A77F00B169C4 /* mmnotes_icon_iphone@2x.png in Resources */ = {isa = PBXBuildFile; fileRef = BFFBDF041594A77F00B169C4 /* mmnotes_icon_iphone@2x.png */; };
		BFFBDF071594A78800B169C4 /* mmnotes_icon_ipad@2x.png in Resources */ = {isa = PBXBuildFile; fileRef = BFFBDF061594A78800B169C4 /* mmnotes_icon_ipad@2x.png */; };
		BFFBDF091594A78A00B169C4 /* mmnotes_icon_ipad.png in Resources */ = {isa = PBXBuildFile; fileRef = BFFBDF081594A78A00B169C4 /* mmnotes_icon_ipad.png */; };
		BFFBDF131594ADB900B169C4 /* Default-Portrait~ipad.png in Resources */ = {isa = PBXBuildFile; fileRef = BFFBDF121594ADB900B169C4 /* Default-Portrait~ipad.png */; };
		BFFBDF151594ADC400B169C4 /* Default-Portrait@2x~ipad.png in Resources */ = {isa = PBXBuildFile; fileRef = BFFBDF141594ADC400B169C4 /* Default-Portrait@2x~ipad.png */; };
		BFFBDF1A1594AE0F00B169C4 /* Default.png in Resources */ = {isa = PBXBuildFile; fileRef = BFFBDF0E1594AD9E00B169C4 /* Default.png */; };
		BFFBDF1B1594AE1500B169C4 /* Default@2x.png in Resources */ = {isa = PBXBuildFile; fileRef = BFFBDF101594ADA200B169C4 /* Default@2x.png */; };
		BFFBDF1D1594AE8400B169C4 /* Default-Landscape~ipad.png in Resources */ = {isa = PBXBuildFile; fileRef = BFFBDF1C1594AE8300B169C4 /* Default-Landscape~ipad.png */; };
		BFFBDF1F1594AE8800B169C4 /* Default-Landscape@2x~ipad.png in Resources */ = {isa = PBXBuildFile; fileRef = BFFBDF1E1594AE8800B169C4 /* Default-Landscape@2x~ipad.png */; };
/* End PBXBuildFile section */

/* Begin PBXFileReference section */
		BF158A621576273400CDBE21 /* MMNotes.app */ = {isa = PBXFileReference; explicitFileType = wrapper.application; includeInIndex = 0; path = MMNotes.app; sourceTree = BUILT_PRODUCTS_DIR; };
		BF158A661576273400CDBE21 /* UIKit.framework */ = {isa = PBXFileReference; lastKnownFileType = wrapper.framework; name = UIKit.framework; path = System/Library/Frameworks/UIKit.framework; sourceTree = SDKROOT; };
		BF158A681576273400CDBE21 /* Foundation.framework */ = {isa = PBXFileReference; lastKnownFileType = wrapper.framework; name = Foundation.framework; path = System/Library/Frameworks/Foundation.framework; sourceTree = SDKROOT; };
		BF158A6A1576273400CDBE21 /* CoreGraphics.framework */ = {isa = PBXFileReference; lastKnownFileType = wrapper.framework; name = CoreGraphics.framework; path = System/Library/Frameworks/CoreGraphics.framework; sourceTree = SDKROOT; };
		BF158A6E1576273400CDBE21 /* MMNotes-Info.plist */ = {isa = PBXFileReference; lastKnownFileType = text.plist.xml; path = "MMNotes-Info.plist"; sourceTree = "<group>"; };
		BF158A701576273400CDBE21 /* en */ = {isa = PBXFileReference; lastKnownFileType = text.plist.strings; name = en; path = en.lproj/InfoPlist.strings; sourceTree = "<group>"; };
		BF158A721576273400CDBE21 /* main.m */ = {isa = PBXFileReference; lastKnownFileType = sourcecode.c.objc; path = main.m; sourceTree = "<group>"; };
		BF158A741576273400CDBE21 /* MMNotes-Prefix.pch */ = {isa = PBXFileReference; lastKnownFileType = sourcecode.c.h; path = "MMNotes-Prefix.pch"; sourceTree = "<group>"; };
		BF158A751576273400CDBE21 /* MMNAppDelegate.h */ = {isa = PBXFileReference; lastKnownFileType = sourcecode.c.h; path = MMNAppDelegate.h; sourceTree = "<group>"; };
		BF158A761576273400CDBE21 /* MMNAppDelegate.m */ = {isa = PBXFileReference; lastKnownFileType = sourcecode.c.objc; path = MMNAppDelegate.m; sourceTree = "<group>"; };
		BF158A8015763E7700CDBE21 /* NotesListViewController.h */ = {isa = PBXFileReference; fileEncoding = 4; lastKnownFileType = sourcecode.c.h; path = NotesListViewController.h; sourceTree = "<group>"; };
		BF158A8115763E7700CDBE21 /* NotesListViewController.m */ = {isa = PBXFileReference; fileEncoding = 4; lastKnownFileType = sourcecode.c.objc; path = NotesListViewController.m; sourceTree = "<group>"; };
		BF158A8415764D4400CDBE21 /* MMNotes.xcdatamodel */ = {isa = PBXFileReference; lastKnownFileType = wrapper.xcdatamodel; path = MMNotes.xcdatamodel; sourceTree = "<group>"; };
		BF158A8615764FFE00CDBE21 /* MMNDataStore.h */ = {isa = PBXFileReference; fileEncoding = 4; lastKnownFileType = sourcecode.c.h; path = MMNDataStore.h; sourceTree = "<group>"; };
		BF158A8715764FFE00CDBE21 /* MMNDataStore.m */ = {isa = PBXFileReference; fileEncoding = 4; lastKnownFileType = sourcecode.c.objc; path = MMNDataStore.m; sourceTree = "<group>"; };
		BF158A8C15765FEF00CDBE21 /* CoreData.framework */ = {isa = PBXFileReference; lastKnownFileType = wrapper.framework; name = CoreData.framework; path = System/Library/Frameworks/CoreData.framework; sourceTree = SDKROOT; };
		BF158AA015766B6200CDBE21 /* MMNTag.h */ = {isa = PBXFileReference; fileEncoding = 4; lastKnownFileType = sourcecode.c.h; path = MMNTag.h; sourceTree = "<group>"; };
		BF158AA115766B6200CDBE21 /* MMNTag.m */ = {isa = PBXFileReference; fileEncoding = 4; lastKnownFileType = sourcecode.c.objc; path = MMNTag.m; sourceTree = "<group>"; };
		BF158AA315766B6200CDBE21 /* MMNAttachment.h */ = {isa = PBXFileReference; fileEncoding = 4; lastKnownFileType = sourcecode.c.h; path = MMNAttachment.h; sourceTree = "<group>"; };
		BF158AA415766B6300CDBE21 /* MMNAttachment.m */ = {isa = PBXFileReference; fileEncoding = 4; lastKnownFileType = sourcecode.c.objc; path = MMNAttachment.m; sourceTree = "<group>"; };
		BF158AA615766B6300CDBE21 /* MMNNote.h */ = {isa = PBXFileReference; fileEncoding = 4; lastKnownFileType = sourcecode.c.h; path = MMNNote.h; sourceTree = "<group>"; };
		BF158AA715766B6300CDBE21 /* MMNNote.m */ = {isa = PBXFileReference; fileEncoding = 4; lastKnownFileType = sourcecode.c.objc; path = MMNNote.m; sourceTree = "<group>"; };
		BF158AAC15768CD200CDBE21 /* NoteDetailViewController.h */ = {isa = PBXFileReference; fileEncoding = 4; lastKnownFileType = sourcecode.c.h; path = NoteDetailViewController.h; sourceTree = "<group>"; };
		BF158AAD15768CD200CDBE21 /* NoteDetailViewController.m */ = {isa = PBXFileReference; fileEncoding = 4; lastKnownFileType = sourcecode.c.objc; path = NoteDetailViewController.m; sourceTree = "<group>"; };
		BF158AAE15768CD200CDBE21 /* NoteDetailViewController.xib */ = {isa = PBXFileReference; fileEncoding = 4; lastKnownFileType = file.xib; path = NoteDetailViewController.xib; sourceTree = "<group>"; };
		BF158AB115777EB100CDBE21 /* TagsListViewController.h */ = {isa = PBXFileReference; fileEncoding = 4; lastKnownFileType = sourcecode.c.h; path = TagsListViewController.h; sourceTree = "<group>"; };
		BF158AB215777EB100CDBE21 /* TagsListViewController.m */ = {isa = PBXFileReference; fileEncoding = 4; lastKnownFileType = sourcecode.c.objc; path = TagsListViewController.m; sourceTree = "<group>"; };
		BF36217B157FC6730037F66C /* ImageViewController.h */ = {isa = PBXFileReference; fileEncoding = 4; lastKnownFileType = sourcecode.c.h; path = ImageViewController.h; sourceTree = "<group>"; };
		BF36217C157FC6730037F66C /* ImageViewController.m */ = {isa = PBXFileReference; fileEncoding = 4; lastKnownFileType = sourcecode.c.objc; path = ImageViewController.m; sourceTree = "<group>"; };
		BF36217D157FC6740037F66C /* ImageViewController.xib */ = {isa = PBXFileReference; fileEncoding = 4; lastKnownFileType = file.xib; path = ImageViewController.xib; sourceTree = "<group>"; };
		BF362180157FD51A0037F66C /* ImageGalleryViewController.h */ = {isa = PBXFileReference; fileEncoding = 4; lastKnownFileType = sourcecode.c.h; path = ImageGalleryViewController.h; sourceTree = "<group>"; };
		BF362181157FD51A0037F66C /* ImageGalleryViewController.m */ = {isa = PBXFileReference; fileEncoding = 4; lastKnownFileType = sourcecode.c.objc; path = ImageGalleryViewController.m; sourceTree = "<group>"; };
		BF362182157FD51A0037F66C /* ImageGalleryViewController.xib */ = {isa = PBXFileReference; fileEncoding = 4; lastKnownFileType = file.xib; path = ImageGalleryViewController.xib; sourceTree = "<group>"; };
		BF7514E9159B44D30051F4AF /* GANTracker.h */ = {isa = PBXFileReference; lastKnownFileType = sourcecode.c.h; path = GANTracker.h; sourceTree = "<group>"; };
		BF7514EA159B44D30051F4AF /* libGoogleAnalytics.a */ = {isa = PBXFileReference; lastKnownFileType = archive.ar; path = libGoogleAnalytics.a; sourceTree = "<group>"; };
		BF7514ED159B45100051F4AF /* CFNetwork.framework */ = {isa = PBXFileReference; lastKnownFileType = wrapper.framework; name = CFNetwork.framework; path = System/Library/Frameworks/CFNetwork.framework; sourceTree = SDKROOT; };
		BF7514F3159B463D0051F4AF /* libsqlite3.0.dylib */ = {isa = PBXFileReference; lastKnownFileType = "compiled.mach-o.dylib"; name = libsqlite3.0.dylib; path = usr/lib/libsqlite3.0.dylib; sourceTree = SDKROOT; };
		BF7514F6159B4FC80051F4AF /* GAUtils.h */ = {isa = PBXFileReference; fileEncoding = 4; lastKnownFileType = sourcecode.c.h; path = GAUtils.h; sourceTree = "<group>"; };
		BF7514F7159B4FC80051F4AF /* GAUtils.m */ = {isa = PBXFileReference; fileEncoding = 4; lastKnownFileType = sourcecode.c.objc; path = GAUtils.m; sourceTree = "<group>"; };
		BF7BAA0B158C910D005E77DF /* MMNotes.entitlements */ = {isa = PBXFileReference; lastKnownFileType = text.xml; path = MMNotes.entitlements; sourceTree = "<group>"; };
		BF9A49F31578EB7900EC2169 /* TagEditStyleCell.h */ = {isa = PBXFileReference; fileEncoding = 4; lastKnownFileType = sourcecode.c.h; path = TagEditStyleCell.h; sourceTree = "<group>"; };
		BF9A49F41578EB7900EC2169 /* TagEditStyleCell.m */ = {isa = PBXFileReference; fileEncoding = 4; lastKnownFileType = sourcecode.c.objc; path = TagEditStyleCell.m; sourceTree = "<group>"; };
		BFB1C614158F8A3C008C1377 /* SettingsViewController.h */ = {isa = PBXFileReference; fileEncoding = 4; lastKnownFileType = sourcecode.c.h; path = SettingsViewController.h; sourceTree = "<group>"; };
		BFB1C615158F8A3C008C1377 /* SettingsViewController.m */ = {isa = PBXFileReference; fileEncoding = 4; lastKnownFileType = sourcecode.c.objc; path = SettingsViewController.m; sourceTree = "<group>"; };
		BFB1C616158F8A3C008C1377 /* SettingsViewController.xib */ = {isa = PBXFileReference; fileEncoding = 4; lastKnownFileType = file.xib; path = SettingsViewController.xib; sourceTree = "<group>"; };
		BFB1C61A158F90DE008C1377 /* info_tabbar.png */ = {isa = PBXFileReference; lastKnownFileType = image.png; path = info_tabbar.png; sourceTree = "<group>"; };
		BFB1C61B158F90DE008C1377 /* info_tabbar@2x.png */ = {isa = PBXFileReference; lastKnownFileType = image.png; path = "info_tabbar@2x.png"; sourceTree = "<group>"; };
		BFB52C9C15823B950072AF88 /* NoteListCell.h */ = {isa = PBXFileReference; fileEncoding = 4; lastKnownFileType = sourcecode.c.h; path = NoteListCell.h; sourceTree = "<group>"; };
		BFB52C9D15823B960072AF88 /* NoteListCell.m */ = {isa = PBXFileReference; fileEncoding = 4; lastKnownFileType = sourcecode.c.objc; path = NoteListCell.m; sourceTree = "<group>"; };
		BFB52CA015823BAD0072AF88 /* NoteListCell.xib */ = {isa = PBXFileReference; fileEncoding = 4; lastKnownFileType = file.xib; path = NoteListCell.xib; sourceTree = "<group>"; };
		BFB52CA2158244220072AF88 /* photo_toolbar.png */ = {isa = PBXFileReference; lastKnownFileType = image.png; path = photo_toolbar.png; sourceTree = "<group>"; };
		BFB52CA3158244220072AF88 /* photo_toolbar@2x.png */ = {isa = PBXFileReference; lastKnownFileType = image.png; path = "photo_toolbar@2x.png"; sourceTree = "<group>"; };
		BFE49648157BB7EF0039B213 /* QuartzCore.framework */ = {isa = PBXFileReference; lastKnownFileType = wrapper.framework; name = QuartzCore.framework; path = System/Library/Frameworks/QuartzCore.framework; sourceTree = SDKROOT; };
		BFE4964B157D40DB0039B213 /* star_toolbar.png */ = {isa = PBXFileReference; lastKnownFileType = image.png; path = star_toolbar.png; sourceTree = "<group>"; };
		BFE4964C157D40DB0039B213 /* star_toolbar@2x.png */ = {isa = PBXFileReference; lastKnownFileType = image.png; path = "star_toolbar@2x.png"; sourceTree = "<group>"; };
		BFE4964F157D42600039B213 /* star_tabbar.png */ = {isa = PBXFileReference; lastKnownFileType = image.png; path = star_tabbar.png; sourceTree = "<group>"; };
		BFE49650157D42600039B213 /* star_tabbar@2x.png */ = {isa = PBXFileReference; lastKnownFileType = image.png; path = "star_tabbar@2x.png"; sourceTree = "<group>"; };
		BFE49653157D43EF0039B213 /* tag_tabbar.png */ = {isa = PBXFileReference; lastKnownFileType = image.png; path = tag_tabbar.png; sourceTree = "<group>"; };
		BFE49654157D43EF0039B213 /* tag_tabbar@2x.png */ = {isa = PBXFileReference; lastKnownFileType = image.png; path = "tag_tabbar@2x.png"; sourceTree = "<group>"; };
		BFE49655157D43EF0039B213 /* tag_toolbar.png */ = {isa = PBXFileReference; lastKnownFileType = image.png; path = tag_toolbar.png; sourceTree = "<group>"; };
		BFE49656157D43EF0039B213 /* tag_toolbar@2x.png */ = {isa = PBXFileReference; lastKnownFileType = image.png; path = "tag_toolbar@2x.png"; sourceTree = "<group>"; };
		BFE4965B157D47730039B213 /* note_tabbar.png */ = {isa = PBXFileReference; lastKnownFileType = image.png; path = note_tabbar.png; sourceTree = "<group>"; };
		BFE4965C157D47730039B213 /* note_tabbar@2x.png */ = {isa = PBXFileReference; lastKnownFileType = image.png; path = "note_tabbar@2x.png"; sourceTree = "<group>"; };
		BFE4965D157D47730039B213 /* note_toolbar.png */ = {isa = PBXFileReference; lastKnownFileType = image.png; path = note_toolbar.png; sourceTree = "<group>"; };
		BFE4965E157D47730039B213 /* note_toolbar@2x.png */ = {isa = PBXFileReference; lastKnownFileType = image.png; path = "note_toolbar@2x.png"; sourceTree = "<group>"; };
		BFE49663157F680C0039B213 /* mic_toolbar.png */ = {isa = PBXFileReference; lastKnownFileType = image.png; path = mic_toolbar.png; sourceTree = "<group>"; };
		BFE49664157F680C0039B213 /* mic_toolbar@2x.png */ = {isa = PBXFileReference; lastKnownFileType = image.png; path = "mic_toolbar@2x.png"; sourceTree = "<group>"; };
		BFEA2211158F12D300E11DF6 /* StoreKit.framework */ = {isa = PBXFileReference; lastKnownFileType = wrapper.framework; name = StoreKit.framework; path = System/Library/Frameworks/StoreKit.framework; sourceTree = SDKROOT; };
		BFEA2228158F389900E11DF6 /* iAd.framework */ = {isa = PBXFileReference; lastKnownFileType = wrapper.framework; name = iAd.framework; path = System/Library/Frameworks/iAd.framework; sourceTree = SDKROOT; };
		BFFBDF021594A77B00B169C4 /* mmnotes_icon_iphone.png */ = {isa = PBXFileReference; lastKnownFileType = image.png; name = mmnotes_icon_iphone.png; path = ../mmnotes_icon_iphone.png; sourceTree = "<group>"; };
		BFFBDF041594A77F00B169C4 /* mmnotes_icon_iphone@2x.png */ = {isa = PBXFileReference; lastKnownFileType = image.png; name = "mmnotes_icon_iphone@2x.png"; path = "../mmnotes_icon_iphone@2x.png"; sourceTree = "<group>"; };
		BFFBDF061594A78800B169C4 /* mmnotes_icon_ipad@2x.png */ = {isa = PBXFileReference; lastKnownFileType = image.png; name = "mmnotes_icon_ipad@2x.png"; path = "../mmnotes_icon_ipad@2x.png"; sourceTree = "<group>"; };
		BFFBDF081594A78A00B169C4 /* mmnotes_icon_ipad.png */ = {isa = PBXFileReference; lastKnownFileType = image.png; name = mmnotes_icon_ipad.png; path = ../mmnotes_icon_ipad.png; sourceTree = "<group>"; };
		BFFBDF0E1594AD9E00B169C4 /* Default.png */ = {isa = PBXFileReference; lastKnownFileType = image.png; name = Default.png; path = ../Default.png; sourceTree = "<group>"; };
		BFFBDF101594ADA200B169C4 /* Default@2x.png */ = {isa = PBXFileReference; lastKnownFileType = image.png; name = "Default@2x.png"; path = "../Default@2x.png"; sourceTree = "<group>"; };
		BFFBDF121594ADB900B169C4 /* Default-Portrait~ipad.png */ = {isa = PBXFileReference; lastKnownFileType = image.png; name = "Default-Portrait~ipad.png"; path = "../Default-Portrait~ipad.png"; sourceTree = "<group>"; };
		BFFBDF141594ADC400B169C4 /* Default-Portrait@2x~ipad.png */ = {isa = PBXFileReference; lastKnownFileType = image.png; name = "Default-Portrait@2x~ipad.png"; path = "../Default-Portrait@2x~ipad.png"; sourceTree = "<group>"; };
		BFFBDF1C1594AE8300B169C4 /* Default-Landscape~ipad.png */ = {isa = PBXFileReference; lastKnownFileType = image.png; name = "Default-Landscape~ipad.png"; path = "../Default-Landscape~ipad.png"; sourceTree = "<group>"; };
		BFFBDF1E1594AE8800B169C4 /* Default-Landscape@2x~ipad.png */ = {isa = PBXFileReference; lastKnownFileType = image.png; name = "Default-Landscape@2x~ipad.png"; path = "../Default-Landscape@2x~ipad.png"; sourceTree = "<group>"; };
/* End PBXFileReference section */

/* Begin PBXFrameworksBuildPhase section */
		BF158A5F1576273400CDBE21 /* Frameworks */ = {
			isa = PBXFrameworksBuildPhase;
			buildActionMask = 2147483647;
			files = (
				BF7514F4159B463E0051F4AF /* libsqlite3.0.dylib in Frameworks */,
				BF7514F5159B46570051F4AF /* libGoogleAnalytics.a in Frameworks */,
				BF7514EE159B45100051F4AF /* CFNetwork.framework in Frameworks */,
				BFEA2229158F389900E11DF6 /* iAd.framework in Frameworks */,
				BFEA2212158F12D300E11DF6 /* StoreKit.framework in Frameworks */,
				BFE49649157BB7F00039B213 /* QuartzCore.framework in Frameworks */,
				BF158A8D15765FEF00CDBE21 /* CoreData.framework in Frameworks */,
				BF158A671576273400CDBE21 /* UIKit.framework in Frameworks */,
				BF158A691576273400CDBE21 /* Foundation.framework in Frameworks */,
				BF158A6B1576273400CDBE21 /* CoreGraphics.framework in Frameworks */,
			);
			runOnlyForDeploymentPostprocessing = 0;
		};
/* End PBXFrameworksBuildPhase section */

/* Begin PBXGroup section */
		BF158A571576273400CDBE21 = {
			isa = PBXGroup;
			children = (
				BF158A6C1576273400CDBE21 /* MMNotes */,
				BF158A651576273400CDBE21 /* Frameworks */,
				BF158A631576273400CDBE21 /* Products */,
			);
			sourceTree = "<group>";
		};
		BF158A631576273400CDBE21 /* Products */ = {
			isa = PBXGroup;
			children = (
				BF158A621576273400CDBE21 /* MMNotes.app */,
			);
			name = Products;
			sourceTree = "<group>";
		};
		BF158A651576273400CDBE21 /* Frameworks */ = {
			isa = PBXGroup;
			children = (
				BF7514F3159B463D0051F4AF /* libsqlite3.0.dylib */,
				BF7514EC159B44E10051F4AF /* GoogleAnalytics */,
				BF7514ED159B45100051F4AF /* CFNetwork.framework */,
				BFEA2228158F389900E11DF6 /* iAd.framework */,
				BFEA2211158F12D300E11DF6 /* StoreKit.framework */,
				BFE49648157BB7EF0039B213 /* QuartzCore.framework */,
				BF158A8C15765FEF00CDBE21 /* CoreData.framework */,
				BF158A661576273400CDBE21 /* UIKit.framework */,
				BF158A681576273400CDBE21 /* Foundation.framework */,
				BF158A6A1576273400CDBE21 /* CoreGraphics.framework */,
			);
			name = Frameworks;
			sourceTree = "<group>";
		};
		BF158A6C1576273400CDBE21 /* MMNotes */ = {
			isa = PBXGroup;
			children = (
				BFE4964A157D40AE0039B213 /* Images */,
				BF64702615A19DF200B7321F /* Google Analytics */,
				BF158AAB15767E5800CDBE21 /* VC */,
				BF158AAA15767E3B00CDBE21 /* Store */,
				BF158AA915767E3300CDBE21 /* Model */,
				BF158A751576273400CDBE21 /* MMNAppDelegate.h */,
				BF158A761576273400CDBE21 /* MMNAppDelegate.m */,
				BF158A6D1576273400CDBE21 /* Supporting Files */,
			);
			path = MMNotes;
			sourceTree = "<group>";
		};
		BF158A6D1576273400CDBE21 /* Supporting Files */ = {
			isa = PBXGroup;
			children = (
				BF158A6E1576273400CDBE21 /* MMNotes-Info.plist */,
				BF158A6F1576273400CDBE21 /* InfoPlist.strings */,
				BF158A721576273400CDBE21 /* main.m */,
				BF158A741576273400CDBE21 /* MMNotes-Prefix.pch */,
			);
			name = "Supporting Files";
			sourceTree = "<group>";
		};
		BF158AA915767E3300CDBE21 /* Model */ = {
			isa = PBXGroup;
			children = (
				BF7BAA0B158C910D005E77DF /* MMNotes.entitlements */,
				BF158A8315764D4400CDBE21 /* MMNotes.xcdatamodeld */,
				BF158AA615766B6300CDBE21 /* MMNNote.h */,
				BF158AA715766B6300CDBE21 /* MMNNote.m */,
				BF158AA315766B6200CDBE21 /* MMNAttachment.h */,
				BF158AA415766B6300CDBE21 /* MMNAttachment.m */,
				BF158AA015766B6200CDBE21 /* MMNTag.h */,
				BF158AA115766B6200CDBE21 /* MMNTag.m */,
			);
			name = Model;
			sourceTree = "<group>";
		};
		BF158AAA15767E3B00CDBE21 /* Store */ = {
			isa = PBXGroup;
			children = (
				BF158A8615764FFE00CDBE21 /* MMNDataStore.h */,
				BF158A8715764FFE00CDBE21 /* MMNDataStore.m */,
			);
			name = Store;
			sourceTree = "<group>";
		};
		BF158AAB15767E5800CDBE21 /* VC */ = {
			isa = PBXGroup;
			children = (
				BF158A8015763E7700CDBE21 /* NotesListViewController.h */,
				BF158A8115763E7700CDBE21 /* NotesListViewController.m */,
				BFB52C9C15823B950072AF88 /* NoteListCell.h */,
				BFB52C9D15823B960072AF88 /* NoteListCell.m */,
				BFB52CA015823BAD0072AF88 /* NoteListCell.xib */,
				BF158AAC15768CD200CDBE21 /* NoteDetailViewController.h */,
				BF158AAD15768CD200CDBE21 /* NoteDetailViewController.m */,
				BF158AAE15768CD200CDBE21 /* NoteDetailViewController.xib */,
				BF158AB115777EB100CDBE21 /* TagsListViewController.h */,
				BF158AB215777EB100CDBE21 /* TagsListViewController.m */,
				BF9A49F31578EB7900EC2169 /* TagEditStyleCell.h */,
				BF9A49F41578EB7900EC2169 /* TagEditStyleCell.m */,
				BF36217B157FC6730037F66C /* ImageViewController.h */,
				BF36217C157FC6730037F66C /* ImageViewController.m */,
				BF36217D157FC6740037F66C /* ImageViewController.xib */,
				BF362180157FD51A0037F66C /* ImageGalleryViewController.h */,
				BF362181157FD51A0037F66C /* ImageGalleryViewController.m */,
				BF362182157FD51A0037F66C /* ImageGalleryViewController.xib */,
				BFB1C614158F8A3C008C1377 /* SettingsViewController.h */,
				BFB1C615158F8A3C008C1377 /* SettingsViewController.m */,
				BFB1C616158F8A3C008C1377 /* SettingsViewController.xib */,
			);
			name = VC;
			sourceTree = "<group>";
		};
		BF64702615A19DF200B7321F /* Google Analytics */ = {
			isa = PBXGroup;
			children = (
				BF7514F6159B4FC80051F4AF /* GAUtils.h */,
				BF7514F7159B4FC80051F4AF /* GAUtils.m */,
			);
			name = "Google Analytics";
			sourceTree = "<group>";
		};
		BF7514EC159B44E10051F4AF /* GoogleAnalytics */ = {
			isa = PBXGroup;
			children = (
				BF7514E9159B44D30051F4AF /* GANTracker.h */,
				BF7514EA159B44D30051F4AF /* libGoogleAnalytics.a */,
			);
			name = GoogleAnalytics;
			sourceTree = "<group>";
		};
		BFE4964A157D40AE0039B213 /* Images */ = {
			isa = PBXGroup;
			children = (
				BFFBDF1E1594AE8800B169C4 /* Default-Landscape@2x~ipad.png */,
				BFFBDF1C1594AE8300B169C4 /* Default-Landscape~ipad.png */,
				BFFBDF141594ADC400B169C4 /* Default-Portrait@2x~ipad.png */,
				BFFBDF121594ADB900B169C4 /* Default-Portrait~ipad.png */,
				BFFBDF101594ADA200B169C4 /* Default@2x.png */,
				BFFBDF0E1594AD9E00B169C4 /* Default.png */,
				BFFBDF081594A78A00B169C4 /* mmnotes_icon_ipad.png */,
				BFFBDF061594A78800B169C4 /* mmnotes_icon_ipad@2x.png */,
				BFFBDF041594A77F00B169C4 /* mmnotes_icon_iphone@2x.png */,
				BFFBDF021594A77B00B169C4 /* mmnotes_icon_iphone.png */,
				BFB1C61A158F90DE008C1377 /* info_tabbar.png */,
				BFB1C61B158F90DE008C1377 /* info_tabbar@2x.png */,
				BFB52CA2158244220072AF88 /* photo_toolbar.png */,
				BFB52CA3158244220072AF88 /* photo_toolbar@2x.png */,
				BFE49663157F680C0039B213 /* mic_toolbar.png */,
				BFE49664157F680C0039B213 /* mic_toolbar@2x.png */,
				BFE4965B157D47730039B213 /* note_tabbar.png */,
				BFE4965C157D47730039B213 /* note_tabbar@2x.png */,
				BFE4965D157D47730039B213 /* note_toolbar.png */,
				BFE4965E157D47730039B213 /* note_toolbar@2x.png */,
				BFE49653157D43EF0039B213 /* tag_tabbar.png */,
				BFE49654157D43EF0039B213 /* tag_tabbar@2x.png */,
				BFE49655157D43EF0039B213 /* tag_toolbar.png */,
				BFE49656157D43EF0039B213 /* tag_toolbar@2x.png */,
				BFE4964F157D42600039B213 /* star_tabbar.png */,
				BFE49650157D42600039B213 /* star_tabbar@2x.png */,
				BFE4964B157D40DB0039B213 /* star_toolbar.png */,
				BFE4964C157D40DB0039B213 /* star_toolbar@2x.png */,
			);
			name = Images;
			sourceTree = "<group>";
		};
/* End PBXGroup section */

/* Begin PBXNativeTarget section */
		BF158A611576273400CDBE21 /* MMNotes */ = {
			isa = PBXNativeTarget;
			buildConfigurationList = BF158A7A1576273400CDBE21 /* Build configuration list for PBXNativeTarget "MMNotes" */;
			buildPhases = (
				BF158A5E1576273400CDBE21 /* Sources */,
				BF158A5F1576273400CDBE21 /* Frameworks */,
				BF158A601576273400CDBE21 /* Resources */,
			);
			buildRules = (
			);
			dependencies = (
			);
			name = MMNotes;
			productName = MMNotes;
			productReference = BF158A621576273400CDBE21 /* MMNotes.app */;
			productType = "com.apple.product-type.application";
		};
/* End PBXNativeTarget section */

/* Begin PBXProject section */
		BF158A591576273400CDBE21 /* Project object */ = {
			isa = PBXProject;
			attributes = {
				CLASSPREFIX = MMN;
				LastUpgradeCheck = 0430;
				ORGANIZATIONNAME = "radek@skokan.name";
			};
			buildConfigurationList = BF158A5C1576273400CDBE21 /* Build configuration list for PBXProject "MMNotes" */;
			compatibilityVersion = "Xcode 3.2";
			developmentRegion = English;
			hasScannedForEncodings = 0;
			knownRegions = (
				en,
			);
			mainGroup = BF158A571576273400CDBE21;
			productRefGroup = BF158A631576273400CDBE21 /* Products */;
			projectDirPath = "";
			projectRoot = "";
			targets = (
				BF158A611576273400CDBE21 /* MMNotes */,
			);
		};
/* End PBXProject section */

/* Begin PBXResourcesBuildPhase section */
		BF158A601576273400CDBE21 /* Resources */ = {
			isa = PBXResourcesBuildPhase;
			buildActionMask = 2147483647;
			files = (
				BF158A711576273400CDBE21 /* InfoPlist.strings in Resources */,
				BF158AB015768CD200CDBE21 /* NoteDetailViewController.xib in Resources */,
				BFE4964D157D40DB0039B213 /* star_toolbar.png in Resources */,
				BFE4964E157D40DB0039B213 /* star_toolbar@2x.png in Resources */,
				BFE49651157D42600039B213 /* star_tabbar.png in Resources */,
				BFE49652157D42600039B213 /* star_tabbar@2x.png in Resources */,
				BFE49657157D43EF0039B213 /* tag_tabbar.png in Resources */,
				BFE49658157D43EF0039B213 /* tag_tabbar@2x.png in Resources */,
				BFE49659157D43EF0039B213 /* tag_toolbar.png in Resources */,
				BFE4965A157D43EF0039B213 /* tag_toolbar@2x.png in Resources */,
				BFE4965F157D47730039B213 /* note_tabbar.png in Resources */,
				BFE49660157D47730039B213 /* note_tabbar@2x.png in Resources */,
				BFE49661157D47730039B213 /* note_toolbar.png in Resources */,
				BFE49662157D47730039B213 /* note_toolbar@2x.png in Resources */,
				BFE49665157F680C0039B213 /* mic_toolbar.png in Resources */,
				BFE49666157F680C0039B213 /* mic_toolbar@2x.png in Resources */,
				BF36217F157FC6740037F66C /* ImageViewController.xib in Resources */,
				BF362184157FD51A0037F66C /* ImageGalleryViewController.xib in Resources */,
				BFB52CA115823BAD0072AF88 /* NoteListCell.xib in Resources */,
				BFB52CA4158244220072AF88 /* photo_toolbar.png in Resources */,
				BFB52CA5158244220072AF88 /* photo_toolbar@2x.png in Resources */,
				BFB1C618158F8A3C008C1377 /* SettingsViewController.xib in Resources */,
				BFB1C61C158F90DE008C1377 /* info_tabbar.png in Resources */,
				BFB1C61D158F90DE008C1377 /* info_tabbar@2x.png in Resources */,
				BFFBDF031594A77B00B169C4 /* mmnotes_icon_iphone.png in Resources */,
				BFFBDF051594A77F00B169C4 /* mmnotes_icon_iphone@2x.png in Resources */,
				BFFBDF071594A78800B169C4 /* mmnotes_icon_ipad@2x.png in Resources */,
				BFFBDF091594A78A00B169C4 /* mmnotes_icon_ipad.png in Resources */,
				BFFBDF131594ADB900B169C4 /* Default-Portrait~ipad.png in Resources */,
				BFFBDF151594ADC400B169C4 /* Default-Portrait@2x~ipad.png in Resources */,
				BFFBDF1A1594AE0F00B169C4 /* Default.png in Resources */,
				BFFBDF1B1594AE1500B169C4 /* Default@2x.png in Resources */,
				BFFBDF1D1594AE8400B169C4 /* Default-Landscape~ipad.png in Resources */,
				BFFBDF1F1594AE8800B169C4 /* Default-Landscape@2x~ipad.png in Resources */,
			);
			runOnlyForDeploymentPostprocessing = 0;
		};
/* End PBXResourcesBuildPhase section */

/* Begin PBXSourcesBuildPhase section */
		BF158A5E1576273400CDBE21 /* Sources */ = {
			isa = PBXSourcesBuildPhase;
			buildActionMask = 2147483647;
			files = (
				BF158A731576273400CDBE21 /* main.m in Sources */,
				BF158A771576273400CDBE21 /* MMNAppDelegate.m in Sources */,
				BF158A8215763E7700CDBE21 /* NotesListViewController.m in Sources */,
				BF158A8515764D4400CDBE21 /* MMNotes.xcdatamodeld in Sources */,
				BF158A8815764FFE00CDBE21 /* MMNDataStore.m in Sources */,
				BF158AA215766B6200CDBE21 /* MMNTag.m in Sources */,
				BF158AA515766B6300CDBE21 /* MMNAttachment.m in Sources */,
				BF158AA815766B6300CDBE21 /* MMNNote.m in Sources */,
				BF158AAF15768CD200CDBE21 /* NoteDetailViewController.m in Sources */,
				BF158AB315777EB100CDBE21 /* TagsListViewController.m in Sources */,
				BF9A49F51578EB7900EC2169 /* TagEditStyleCell.m in Sources */,
				BF36217E157FC6740037F66C /* ImageViewController.m in Sources */,
				BF362183157FD51A0037F66C /* ImageGalleryViewController.m in Sources */,
				BFB52C9E15823B960072AF88 /* NoteListCell.m in Sources */,
				BFB1C617158F8A3C008C1377 /* SettingsViewController.m in Sources */,
				BF7514F8159B4FC90051F4AF /* GAUtils.m in Sources */,
			);
			runOnlyForDeploymentPostprocessing = 0;
		};
/* End PBXSourcesBuildPhase section */

/* Begin PBXVariantGroup section */
		BF158A6F1576273400CDBE21 /* InfoPlist.strings */ = {
			isa = PBXVariantGroup;
			children = (
				BF158A701576273400CDBE21 /* en */,
			);
			name = InfoPlist.strings;
			sourceTree = "<group>";
		};
/* End PBXVariantGroup section */

/* Begin XCBuildConfiguration section */
		BF158A781576273400CDBE21 /* Debug */ = {
			isa = XCBuildConfiguration;
			buildSettings = {
				ALWAYS_SEARCH_USER_PATHS = NO;
				ARCHS = "$(ARCHS_STANDARD_32_BIT)";
				CLANG_ENABLE_OBJC_ARC = YES;
				"CODE_SIGN_IDENTITY[sdk=iphoneos*]" = "iPhone Developer";
				COPY_PHASE_STRIP = NO;
				GCC_C_LANGUAGE_STANDARD = gnu99;
				GCC_DYNAMIC_NO_PIC = NO;
				GCC_OPTIMIZATION_LEVEL = 0;
				GCC_PREPROCESSOR_DEFINITIONS = (
					"DEBUG=1",
					"$(inherited)",
				);
				GCC_SYMBOLS_PRIVATE_EXTERN = NO;
				GCC_VERSION = com.apple.compilers.llvm.clang.1_0;
				GCC_WARN_ABOUT_RETURN_TYPE = YES;
				GCC_WARN_UNINITIALIZED_AUTOS = YES;
				GCC_WARN_UNUSED_VARIABLE = YES;
				IPHONEOS_DEPLOYMENT_TARGET = 5.1;
				SDKROOT = iphoneos;
			};
			name = Debug;
		};
		BF158A791576273400CDBE21 /* Release */ = {
			isa = XCBuildConfiguration;
			buildSettings = {
				ALWAYS_SEARCH_USER_PATHS = NO;
				ARCHS = "$(ARCHS_STANDARD_32_BIT)";
				CLANG_ENABLE_OBJC_ARC = YES;
				"CODE_SIGN_IDENTITY[sdk=iphoneos*]" = "iPhone Developer";
				COPY_PHASE_STRIP = YES;
				GCC_C_LANGUAGE_STANDARD = gnu99;
				GCC_VERSION = com.apple.compilers.llvm.clang.1_0;
				GCC_WARN_ABOUT_RETURN_TYPE = YES;
				GCC_WARN_UNINITIALIZED_AUTOS = YES;
				GCC_WARN_UNUSED_VARIABLE = YES;
				IPHONEOS_DEPLOYMENT_TARGET = 5.1;
				OTHER_CFLAGS = "-DNS_BLOCK_ASSERTIONS=1";
				SDKROOT = iphoneos;
				VALIDATE_PRODUCT = YES;
			};
			name = Release;
		};
		BF158A7B1576273400CDBE21 /* Debug */ = {
			isa = XCBuildConfiguration;
			buildSettings = {
				CODE_SIGN_ENTITLEMENTS = MMNotes/MMNotes.entitlements;
				CODE_SIGN_IDENTITY = "iPhone Developer: Radek Skokan (SRZKBY88YF)";
				GCC_PRECOMPILE_PREFIX_HEADER = YES;
				GCC_PREFIX_HEADER = "MMNotes/MMNotes-Prefix.pch";
				INFOPLIST_FILE = "MMNotes/MMNotes-Info.plist";
				IPHONEOS_DEPLOYMENT_TARGET = 5.1;
				LIBRARY_SEARCH_PATHS = (
					"$(inherited)",
					"\"$(SRCROOT)\"",
				);
				PRODUCT_NAME = "$(TARGET_NAME)";
				PROVISIONING_PROFILE = "4D9F54FA-B4C2-4581-865E-9BCA629F3478";
				TARGETED_DEVICE_FAMILY = "1,2";
				WRAPPER_EXTENSION = app;
			};
			name = Debug;
		};
		BF158A7C1576273400CDBE21 /* Release */ = {
			isa = XCBuildConfiguration;
			buildSettings = {
				CODE_SIGN_ENTITLEMENTS = MMNotes/MMNotes.entitlements;
				CODE_SIGN_IDENTITY = "iPhone Developer: Radek Skokan (SRZKBY88YF)";
				GCC_PRECOMPILE_PREFIX_HEADER = YES;
				GCC_PREFIX_HEADER = "MMNotes/MMNotes-Prefix.pch";
				INFOPLIST_FILE = "MMNotes/MMNotes-Info.plist";
				IPHONEOS_DEPLOYMENT_TARGET = 5.1;
				LIBRARY_SEARCH_PATHS = (
					"$(inherited)",
					"\"$(SRCROOT)\"",
				);
				PRODUCT_NAME = "$(TARGET_NAME)";
				PROVISIONING_PROFILE = "4D9F54FA-B4C2-4581-865E-9BCA629F3478";
				TARGETED_DEVICE_FAMILY = "1,2";
				VALIDATE_PRODUCT = NO;
				WRAPPER_EXTENSION = app;
			};
			name = Release;
		};
		BFFBDEEB1590C6E400B169C4 /* AppStore */ = {
			isa = XCBuildConfiguration;
			buildSettings = {
				ALWAYS_SEARCH_USER_PATHS = NO;
				ARCHS = "$(ARCHS_STANDARD_32_BIT)";
				CLANG_ENABLE_OBJC_ARC = YES;
				"CODE_SIGN_IDENTITY[sdk=iphoneos*]" = "iPhone Distribution";
				COPY_PHASE_STRIP = YES;
				GCC_C_LANGUAGE_STANDARD = gnu99;
				GCC_VERSION = com.apple.compilers.llvm.clang.1_0;
				GCC_WARN_ABOUT_RETURN_TYPE = YES;
				GCC_WARN_UNINITIALIZED_AUTOS = YES;
				GCC_WARN_UNUSED_VARIABLE = YES;
				IPHONEOS_DEPLOYMENT_TARGET = 5.1;
				OTHER_CFLAGS = "-DNS_BLOCK_ASSERTIONS=1";
				"PROVISIONING_PROFILE[sdk=iphoneos*]" = "";
				SDKROOT = iphoneos;
				VALIDATE_PRODUCT = YES;
			};
			name = AppStore;
		};
		BFFBDEEC1590C6E400B169C4 /* AppStore */ = {
			isa = XCBuildConfiguration;
			buildSettings = {
				CODE_SIGN_ENTITLEMENTS = MMNotes/MMNotes.entitlements;
				CODE_SIGN_IDENTITY = "iPhone Developer: Radek Skokan (SRZKBY88YF)";
				GCC_PRECOMPILE_PREFIX_HEADER = YES;
				GCC_PREFIX_HEADER = "MMNotes/MMNotes-Prefix.pch";
				INFOPLIST_FILE = "MMNotes/MMNotes-Info.plist";
				IPHONEOS_DEPLOYMENT_TARGET = 5.1;
				LIBRARY_SEARCH_PATHS = (
					"$(inherited)",
					"\"$(SRCROOT)\"",
				);
				PRODUCT_NAME = "$(TARGET_NAME)";
				PROVISIONING_PROFILE = "4D9F54FA-B4C2-4581-865E-9BCA629F3478";
				TARGETED_DEVICE_FAMILY = "1,2";
				WRAPPER_EXTENSION = app;
			};
			name = AppStore;
		};
/* End XCBuildConfiguration section */

/* Begin XCConfigurationList section */
		BF158A5C1576273400CDBE21 /* Build configuration list for PBXProject "MMNotes" */ = {
			isa = XCConfigurationList;
			buildConfigurations = (
				BF158A781576273400CDBE21 /* Debug */,
				BF158A791576273400CDBE21 /* Release */,
				BFFBDEEB1590C6E400B169C4 /* AppStore */,
			);
			defaultConfigurationIsVisible = 0;
			defaultConfigurationName = Release;
		};
		BF158A7A1576273400CDBE21 /* Build configuration list for PBXNativeTarget "MMNotes" */ = {
			isa = XCConfigurationList;
			buildConfigurations = (
				BF158A7B1576273400CDBE21 /* Debug */,
				BF158A7C1576273400CDBE21 /* Release */,
				BFFBDEEC1590C6E400B169C4 /* AppStore */,
			);
			defaultConfigurationIsVisible = 0;
			defaultConfigurationName = Release;
		};
/* End XCConfigurationList section */

/* Begin XCVersionGroup section */
		BF158A8315764D4400CDBE21 /* MMNotes.xcdatamodeld */ = {
			isa = XCVersionGroup;
			children = (
				BF158A8415764D4400CDBE21 /* MMNotes.xcdatamodel */,
			);
			currentVersion = BF158A8415764D4400CDBE21 /* MMNotes.xcdatamodel */;
			path = MMNotes.xcdatamodeld;
			sourceTree = "<group>";
			versionGroupType = wrapper.xcdatamodel;
		};
/* End XCVersionGroup section */
	};
	rootObject = BF158A591576273400CDBE21 /* Project object */;
}
